
Microsoft Visual Studio Solution File, Format Version 12.00
# Visual Studio Version 16
VisualStudioVersion = 16.0.30804.86
MinimumVisualStudioVersion = 10.0.40219.1
Project("{FAE04EC0-301F-11D3-BF4B-00C04F79EFBC}") = "Week2-TaskList", "Week2-TaskList\Week2-TaskList.csproj", "{8AAE69CB-9FCB-44C3-89BC-97B22441DBEF}"
EndProject
Global
	GlobalSection(SolutionConfigurationPlatforms) = preSolution
		Debug|Any CPU = Debug|Any CPU
		Release|Any CPU = Release|Any CPU
	EndGlobalSection
	GlobalSection(ProjectConfigurationPlatforms) = postSolution
		{8AAE69CB-9FCB-44C3-89BC-97B22441DBEF}.Debug|Any CPU.ActiveCfg = Debug|Any CPU
		{8AAE69CB-9FCB-44C3-89BC-97B22441DBEF}.Debug|Any CPU.Build.0 = Debug|Any CPU
		{8AAE69CB-9FCB-44C3-89BC-97B22441DBEF}.Release|Any CPU.ActiveCfg = Release|Any CPU
		{8AAE69CB-9FCB-44C3-89BC-97B22441DBEF}.Release|Any CPU.Build.0 = Release|Any CPU
	EndGlobalSection
	GlobalSection(SolutionProperties) = preSolution
		HideSolutionNode = FALSE
	EndGlobalSection
	GlobalSection(ExtensibilityGlobals) = postSolution
		SolutionGuid = {37018FA6-6CA9-44BE-9D7A-18A2BA198A78}
	EndGlobalSection
EndGlobal
